
Microsoft Visual Studio Solution File, Format Version 12.00
# Visual Studio Version 17
VisualStudioVersion = 17.0.31903.59
MinimumVisualStudioVersion = 10.0.40219.1
Project("{9A19103F-16F7-4668-BE54-9A1E7A4F7556}") = "BinaryTool.Blazor", "BinaryTool.Blazor\BinaryTool.Blazor.csproj", "{79C73E29-5C27-4B52-B410-57430DCFE8ED}"
EndProject
Project("{9A19103F-16F7-4668-BE54-9A1E7A4F7556}") = "BinaryTool", "BinaryTool\BinaryTool.csproj", "{942E2187-7BA8-4853-962C-53AAE746CA98}"
EndProject
Global
	GlobalSection(SolutionConfigurationPlatforms) = preSolution
		Debug|Any CPU = Debug|Any CPU
		Release|Any CPU = Release|Any CPU
	EndGlobalSection
	GlobalSection(ProjectConfigurationPlatforms) = postSolution
		{79C73E29-5C27-4B52-B410-57430DCFE8ED}.Debug|Any CPU.ActiveCfg = Debug|Any CPU
		{79C73E29-5C27-4B52-B410-57430DCFE8ED}.Debug|Any CPU.Build.0 = Debug|Any CPU
		{79C73E29-5C27-4B52-B410-57430DCFE8ED}.Release|Any CPU.ActiveCfg = Release|Any CPU
		{79C73E29-5C27-4B52-B410-57430DCFE8ED}.Release|Any CPU.Build.0 = Release|Any CPU
		{942E2187-7BA8-4853-962C-53AAE746CA98}.Debug|Any CPU.ActiveCfg = Debug|Any CPU
		{942E2187-7BA8-4853-962C-53AAE746CA98}.Debug|Any CPU.Build.0 = Debug|Any CPU
		{942E2187-7BA8-4853-962C-53AAE746CA98}.Release|Any CPU.ActiveCfg = Release|Any CPU
		{942E2187-7BA8-4853-962C-53AAE746CA98}.Release|Any CPU.Build.0 = Release|Any CPU
	EndGlobalSection
	GlobalSection(SolutionProperties) = preSolution
		HideSolutionNode = FALSE
	EndGlobalSection
	GlobalSection(ExtensibilityGlobals) = postSolution
		SolutionGuid = {1B37A7FA-C4CE-42E1-B3AE-93580B369A7F}
	EndGlobalSection
EndGlobal
